
Microsoft Visual Studio Solution File, Format Version 12.00
# Visual Studio Version 17
VisualStudioVersion = 17.7.34031.279
MinimumVisualStudioVersion = 10.0.40219.1
Project("{FAE04EC0-301F-11D3-BF4B-00C04F79EFBC}") = "ПРОВОДНИК", "ПРОВОДНИК\ПРОВОДНИК.csproj", "{2C858089-36AB-43CF-9EA1-958E939B1638}"
EndProject
Global
	GlobalSection(SolutionConfigurationPlatforms) = preSolution
		Debug|Any CPU = Debug|Any CPU
		Release|Any CPU = Release|Any CPU
	EndGlobalSection
	GlobalSection(ProjectConfigurationPlatforms) = postSolution
		{2C858089-36AB-43CF-9EA1-958E939B1638}.Debug|Any CPU.ActiveCfg = Debug|Any CPU
		{2C858089-36AB-43CF-9EA1-958E939B1638}.Debug|Any CPU.Build.0 = Debug|Any CPU
		{2C858089-36AB-43CF-9EA1-958E939B1638}.Release|Any CPU.ActiveCfg = Release|Any CPU
		{2C858089-36AB-43CF-9EA1-958E939B1638}.Release|Any CPU.Build.0 = Release|Any CPU
	EndGlobalSection
	GlobalSection(SolutionProperties) = preSolution
		HideSolutionNode = FALSE
	EndGlobalSection
	GlobalSection(ExtensibilityGlobals) = postSolution
		SolutionGuid = {69FDBA63-E369-4540-B59B-401BEE2395AE}
	EndGlobalSection
EndGlobal
